{
  "nodes": {
    "nixpkgs": {
      "locked": {
        "lastModified": 1768484090,
        "narHash": "sha256-HBIfbB9MF9oqQTxs/W5440mzVaYDBWU9tuX95aZ8h64=",
        "owner": "NixOS",
        "repo": "nixpkgs",
        "rev": "d4fa45dc2d4d32c10cb7c6b530a6b4b7d2429442",
        "type": "github"
      },
      "original": {
        "owner": "NixOS",
        "ref": "nixos-25.11",
        "repo": "nixpkgs",
        "type": "github"
      }
    },
    "root": {
      "inputs": {
        "nixpkgs": "nixpkgs"
      }
    }
  },
  "root": "root",
  "version": 7
}
